// !$*UTF8*$!
{
	archiveVersion = 1;
	classes = {
	};
	objectVersion = 50;
	objects = {

/* Begin PBXBuildFile section */
		6006B2BD2243829A004C0464 /* AppDelegate.swift in Sources */ = {isa = PBXBuildFile; fileRef = 6006B2BC2243829A004C0464 /* AppDelegate.swift */; };
		6006B2BF2243829A004C0464 /* ViewController.swift in Sources */ = {isa = PBXBuildFile; fileRef = 6006B2BE2243829A004C0464 /* ViewController.swift */; };
		6006B2C22243829A004C0464 /* Main.storyboard in Resources */ = {isa = PBXBuildFile; fileRef = 6006B2C02243829A004C0464 /* Main.storyboard */; };
		6006B2C42243829B004C0464 /* Assets.xcassets in Resources */ = {isa = PBXBuildFile; fileRef = 6006B2C32243829B004C0464 /* Assets.xcassets */; };
		6006B2C72243829B004C0464 /* LaunchScreen.storyboard in Resources */ = {isa = PBXBuildFile; fileRef = 6006B2C52243829B004C0464 /* LaunchScreen.storyboard */; };
		699BC5522398AFF800C00AAD /* UIColor+Extension.swift in Sources */ = {isa = PBXBuildFile; fileRef = 699BC54D2398AFF800C00AAD /* UIColor+Extension.swift */; };
		699BC5532398AFF800C00AAD /* UIFont+Extension.swift in Sources */ = {isa = PBXBuildFile; fileRef = 699BC54E2398AFF800C00AAD /* UIFont+Extension.swift */; };
		699BC5542398AFF800C00AAD /* UITablViewCell+Extension.swift in Sources */ = {isa = PBXBuildFile; fileRef = 699BC54F2398AFF800C00AAD /* UITablViewCell+Extension.swift */; };
		699BC5552398AFF800C00AAD /* UITabbar+Extension.swift in Sources */ = {isa = PBXBuildFile; fileRef = 699BC5502398AFF800C00AAD /* UITabbar+Extension.swift */; };
		699BC5562398AFF800C00AAD /* UIImage+Utilities.swift in Sources */ = {isa = PBXBuildFile; fileRef = 699BC5512398AFF800C00AAD /* UIImage+Utilities.swift */; };
		699BC55B2398B07E00C00AAD /* YYActionSheetController.swift in Sources */ = {isa = PBXBuildFile; fileRef = 699BC5592398B07E00C00AAD /* YYActionSheetController.swift */; };
		699BC55C2398B07E00C00AAD /* YYBaseViewController.swift in Sources */ = {isa = PBXBuildFile; fileRef = 699BC55A2398B07E00C00AAD /* YYBaseViewController.swift */; };
		699BC5642398B0AA00C00AAD /* YYPageView.swift in Sources */ = {isa = PBXBuildFile; fileRef = 699BC55E2398B0AA00C00AAD /* YYPageView.swift */; };
		699BC5652398B0AA00C00AAD /* YYSegmentButton.swift in Sources */ = {isa = PBXBuildFile; fileRef = 699BC5602398B0AA00C00AAD /* YYSegmentButton.swift */; };
		699BC5662398B0AA00C00AAD /* YYSegmentDefaultIndicator.swift in Sources */ = {isa = PBXBuildFile; fileRef = 699BC5612398B0AA00C00AAD /* YYSegmentDefaultIndicator.swift */; };
		699BC5672398B0AA00C00AAD /* YYSegmentView.swift in Sources */ = {isa = PBXBuildFile; fileRef = 699BC5622398B0AA00C00AAD /* YYSegmentView.swift */; };
		699BC5682398B0AA00C00AAD /* YYSegmentCollectionView.swift in Sources */ = {isa = PBXBuildFile; fileRef = 699BC5632398B0AA00C00AAD /* YYSegmentCollectionView.swift */; };
		699BC56B2398B0D600C00AAD /* YYPagedRequester.swift in Sources */ = {isa = PBXBuildFile; fileRef = 699BC5692398B0D600C00AAD /* YYPagedRequester.swift */; };
		699BC56C2398B0D600C00AAD /* YYRequester.swift in Sources */ = {isa = PBXBuildFile; fileRef = 699BC56A2398B0D600C00AAD /* YYRequester.swift */; };
		699BC5762398B10400C00AAD /* YYFixedSizeButton.swift in Sources */ = {isa = PBXBuildFile; fileRef = 699BC56D2398B10400C00AAD /* YYFixedSizeButton.swift */; };
		699BC5772398B10400C00AAD /* YYCollectionViewTemplate.swift in Sources */ = {isa = PBXBuildFile; fileRef = 699BC56E2398B10400C00AAD /* YYCollectionViewTemplate.swift */; };
		699BC5782398B10400C00AAD /* YYTableView.swift in Sources */ = {isa = PBXBuildFile; fileRef = 699BC56F2398B10400C00AAD /* YYTableView.swift */; };
		699BC5792398B10400C00AAD /* YYTableViewTemplate.swift in Sources */ = {isa = PBXBuildFile; fileRef = 699BC5702398B10400C00AAD /* YYTableViewTemplate.swift */; };
		699BC57A2398B10400C00AAD /* YYTitleBarButton.swift in Sources */ = {isa = PBXBuildFile; fileRef = 699BC5712398B10400C00AAD /* YYTitleBarButton.swift */; };
		699BC57B2398B10400C00AAD /* YYTitleBar.swift in Sources */ = {isa = PBXBuildFile; fileRef = 699BC5722398B10400C00AAD /* YYTitleBar.swift */; };
		699BC57C2398B10400C00AAD /* YYCollectionViewCellTemplate.swift in Sources */ = {isa = PBXBuildFile; fileRef = 699BC5732398B10400C00AAD /* YYCollectionViewCellTemplate.swift */; };
		699BC57D2398B10400C00AAD /* YYBaseTableViewCell.swift in Sources */ = {isa = PBXBuildFile; fileRef = 699BC5742398B10400C00AAD /* YYBaseTableViewCell.swift */; };
		699BC57E2398B10400C00AAD /* YYCollectionView.swift in Sources */ = {isa = PBXBuildFile; fileRef = 699BC5752398B10400C00AAD /* YYCollectionView.swift */; };
		699BC5802398B11700C00AAD /* YYWKWebViewController.swift in Sources */ = {isa = PBXBuildFile; fileRef = 699BC57F2398B11700C00AAD /* YYWKWebViewController.swift */; };
		699BC5822398B18300C00AAD /* YYSelectStackView.swift in Sources */ = {isa = PBXBuildFile; fileRef = 699BC5812398B18300C00AAD /* YYSelectStackView.swift */; };
		699BC5842398B23800C00AAD /* CollectionBatchDeleteView.swift in Sources */ = {isa = PBXBuildFile; fileRef = 699BC5832398B23800C00AAD /* CollectionBatchDeleteView.swift */; };
		699BC5862398B25500C00AAD /* TableViewBatchDeleteBottomBar.swift in Sources */ = {isa = PBXBuildFile; fileRef = 699BC5852398B25500C00AAD /* TableViewBatchDeleteBottomBar.swift */; };
		699BC5882398B2CB00C00AAD /* YYNoDataView.swift in Sources */ = {isa = PBXBuildFile; fileRef = 699BC5872398B2CB00C00AAD /* YYNoDataView.swift */; };
/* End PBXBuildFile section */

/* Begin PBXFileReference section */
		6006B2B92243829A004C0464 /* WJExtesionDemo.app */ = {isa = PBXFileReference; explicitFileType = wrapper.application; includeInIndex = 0; path = WJExtesionDemo.app; sourceTree = BUILT_PRODUCTS_DIR; };
		6006B2BC2243829A004C0464 /* AppDelegate.swift */ = {isa = PBXFileReference; lastKnownFileType = sourcecode.swift; path = AppDelegate.swift; sourceTree = "<group>"; };
		6006B2BE2243829A004C0464 /* ViewController.swift */ = {isa = PBXFileReference; lastKnownFileType = sourcecode.swift; path = ViewController.swift; sourceTree = "<group>"; };
		6006B2C12243829A004C0464 /* Base */ = {isa = PBXFileReference; lastKnownFileType = file.storyboard; name = Base; path = Base.lproj/Main.storyboard; sourceTree = "<group>"; };
		6006B2C32243829B004C0464 /* Assets.xcassets */ = {isa = PBXFileReference; lastKnownFileType = folder.assetcatalog; path = Assets.xcassets; sourceTree = "<group>"; };
		6006B2C62243829B004C0464 /* Base */ = {isa = PBXFileReference; lastKnownFileType = file.storyboard; name = Base; path = Base.lproj/LaunchScreen.storyboard; sourceTree = "<group>"; };
		6006B2C82243829B004C0464 /* Info.plist */ = {isa = PBXFileReference; lastKnownFileType = text.plist.xml; path = Info.plist; sourceTree = "<group>"; };
		699BC54D2398AFF800C00AAD /* UIColor+Extension.swift */ = {isa = PBXFileReference; fileEncoding = 4; lastKnownFileType = sourcecode.swift; name = "UIColor+Extension.swift"; path = "../../extensions/UIColor+Extension.swift"; sourceTree = "<group>"; };
		699BC54E2398AFF800C00AAD /* UIFont+Extension.swift */ = {isa = PBXFileReference; fileEncoding = 4; lastKnownFileType = sourcecode.swift; name = "UIFont+Extension.swift"; path = "../../extensions/UIFont+Extension.swift"; sourceTree = "<group>"; };
		699BC54F2398AFF800C00AAD /* UITablViewCell+Extension.swift */ = {isa = PBXFileReference; fileEncoding = 4; lastKnownFileType = sourcecode.swift; name = "UITablViewCell+Extension.swift"; path = "../../extensions/UITablViewCell+Extension.swift"; sourceTree = "<group>"; };
		699BC5502398AFF800C00AAD /* UITabbar+Extension.swift */ = {isa = PBXFileReference; fileEncoding = 4; lastKnownFileType = sourcecode.swift; name = "UITabbar+Extension.swift"; path = "../../extensions/UITabbar+Extension.swift"; sourceTree = "<group>"; };
		699BC5512398AFF800C00AAD /* UIImage+Utilities.swift */ = {isa = PBXFileReference; fileEncoding = 4; lastKnownFileType = sourcecode.swift; name = "UIImage+Utilities.swift"; path = "../../extensions/UIImage+Utilities.swift"; sourceTree = "<group>"; };
		699BC5592398B07E00C00AAD /* YYActionSheetController.swift */ = {isa = PBXFileReference; fileEncoding = 4; lastKnownFileType = sourcecode.swift; name = YYActionSheetController.swift; path = "../../../Desktop/资料/yysmallvideoproject/YYVideo/YYVideo/Helpers/Base/YYActionSheetController.swift"; sourceTree = "<group>"; };
		699BC55A2398B07E00C00AAD /* YYBaseViewController.swift */ = {isa = PBXFileReference; fileEncoding = 4; lastKnownFileType = sourcecode.swift; name = YYBaseViewController.swift; path = "../../../Desktop/资料/yysmallvideoproject/YYVideo/YYVideo/Helpers/Base/YYBaseViewController.swift"; sourceTree = "<group>"; };
		699BC55E2398B0AA00C00AAD /* YYPageView.swift */ = {isa = PBXFileReference; fileEncoding = 4; lastKnownFileType = sourcecode.swift; path = YYPageView.swift; sourceTree = "<group>"; };
		699BC5602398B0AA00C00AAD /* YYSegmentButton.swift */ = {isa = PBXFileReference; fileEncoding = 4; lastKnownFileType = sourcecode.swift; path = YYSegmentButton.swift; sourceTree = "<group>"; };
		699BC5612398B0AA00C00AAD /* YYSegmentDefaultIndicator.swift */ = {isa = PBXFileReference; fileEncoding = 4; lastKnownFileType = sourcecode.swift; path = YYSegmentDefaultIndicator.swift; sourceTree = "<group>"; };
		699BC5622398B0AA00C00AAD /* YYSegmentView.swift */ = {isa = PBXFileReference; fileEncoding = 4; lastKnownFileType = sourcecode.swift; path = YYSegmentView.swift; sourceTree = "<group>"; };
		699BC5632398B0AA00C00AAD /* YYSegmentCollectionView.swift */ = {isa = PBXFileReference; fileEncoding = 4; lastKnownFileType = sourcecode.swift; path = YYSegmentCollectionView.swift; sourceTree = "<group>"; };
		699BC5692398B0D600C00AAD /* YYPagedRequester.swift */ = {isa = PBXFileReference; fileEncoding = 4; lastKnownFileType = sourcecode.swift; name = YYPagedRequester.swift; path = "../../../Desktop/资料/yysmallvideoproject/YYVideo/YYVideo/Helpers/Base/Requesters/YYPagedRequester.swift"; sourceTree = "<group>"; };
		699BC56A2398B0D600C00AAD /* YYRequester.swift */ = {isa = PBXFileReference; fileEncoding = 4; lastKnownFileType = sourcecode.swift; name = YYRequester.swift; path = "../../../Desktop/资料/yysmallvideoproject/YYVideo/YYVideo/Helpers/Base/Requesters/YYRequester.swift"; sourceTree = "<group>"; };
		699BC56D2398B10400C00AAD /* YYFixedSizeButton.swift */ = {isa = PBXFileReference; fileEncoding = 4; lastKnownFileType = sourcecode.swift; name = YYFixedSizeButton.swift; path = "../../../Desktop/资料/yysmallvideoproject/YYVideo/YYVideo/Helpers/Base/Views/YYFixedSizeButton.swift"; sourceTree = "<group>"; };
		699BC56E2398B10400C00AAD /* YYCollectionViewTemplate.swift */ = {isa = PBXFileReference; fileEncoding = 4; lastKnownFileType = sourcecode.swift; name = YYCollectionViewTemplate.swift; path = "../../../Desktop/资料/yysmallvideoproject/YYVideo/YYVideo/Helpers/Base/Views/YYCollectionViewTemplate.swift"; sourceTree = "<group>"; };
		699BC56F2398B10400C00AAD /* YYTableView.swift */ = {isa = PBXFileReference; fileEncoding = 4; lastKnownFileType = sourcecode.swift; name = YYTableView.swift; path = "../../../Desktop/资料/yysmallvideoproject/YYVideo/YYVideo/Helpers/Base/Views/YYTableView.swift"; sourceTree = "<group>"; };
		699BC5702398B10400C00AAD /* YYTableViewTemplate.swift */ = {isa = PBXFileReference; fileEncoding = 4; lastKnownFileType = sourcecode.swift; name = YYTableViewTemplate.swift; path = "../../../Desktop/资料/yysmallvideoproject/YYVideo/YYVideo/Helpers/Base/Views/YYTableViewTemplate.swift"; sourceTree = "<group>"; };
		699BC5712398B10400C00AAD /* YYTitleBarButton.swift */ = {isa = PBXFileReference; fileEncoding = 4; lastKnownFileType = sourcecode.swift; name = YYTitleBarButton.swift; path = "../../../Desktop/资料/yysmallvideoproject/YYVideo/YYVideo/Helpers/Base/Views/YYTitleBarButton.swift"; sourceTree = "<group>"; };
		699BC5722398B10400C00AAD /* YYTitleBar.swift */ = {isa = PBXFileReference; fileEncoding = 4; lastKnownFileType = sourcecode.swift; name = YYTitleBar.swift; path = "../../../Desktop/资料/yysmallvideoproject/YYVideo/YYVideo/Helpers/Base/Views/YYTitleBar.swift"; sourceTree = "<group>"; };
		699BC5732398B10400C00AAD /* YYCollectionViewCellTemplate.swift */ = {isa = PBXFileReference; fileEncoding = 4; lastKnownFileType = sourcecode.swift; name = YYCollectionViewCellTemplate.swift; path = "../../../Desktop/资料/yysmallvideoproject/YYVideo/YYVideo/Helpers/Base/Views/YYCollectionViewCellTemplate.swift"; sourceTree = "<group>"; };
		699BC5742398B10400C00AAD /* YYBaseTableViewCell.swift */ = {isa = PBXFileReference; fileEncoding = 4; lastKnownFileType = sourcecode.swift; name = YYBaseTableViewCell.swift; path = "../../../Desktop/资料/yysmallvideoproject/YYVideo/YYVideo/Helpers/Base/Views/YYBaseTableViewCell.swift"; sourceTree = "<group>"; };
		699BC5752398B10400C00AAD /* YYCollectionView.swift */ = {isa = PBXFileReference; fileEncoding = 4; lastKnownFileType = sourcecode.swift; name = YYCollectionView.swift; path = "../../../Desktop/资料/yysmallvideoproject/YYVideo/YYVideo/Helpers/Base/Views/YYCollectionView.swift"; sourceTree = "<group>"; };
		699BC57F2398B11700C00AAD /* YYWKWebViewController.swift */ = {isa = PBXFileReference; fileEncoding = 4; lastKnownFileType = sourcecode.swift; name = YYWKWebViewController.swift; path = "../../../Desktop/资料/yysmallvideoproject/YYVideo/YYVideo/Helpers/Base/YYWKWebViewController.swift"; sourceTree = "<group>"; };
		699BC5812398B18300C00AAD /* YYSelectStackView.swift */ = {isa = PBXFileReference; fileEncoding = 4; lastKnownFileType = sourcecode.swift; name = YYSelectStackView.swift; path = "../../../Desktop/资料/yysmallvideoproject/YYVideo/YYVideo/Helpers/Base/YYSelectStackView.swift"; sourceTree = "<group>"; };
		699BC5832398B23800C00AAD /* CollectionBatchDeleteView.swift */ = {isa = PBXFileReference; fileEncoding = 4; lastKnownFileType = sourcecode.swift; name = CollectionBatchDeleteView.swift; path = "../../../Desktop/资料/yysmallvideoproject/YYVideo/YYVideo/ViewControllers/Mine/我的收藏/Views/CollectionBatchDeleteView.swift"; sourceTree = "<group>"; };
		699BC5852398B25500C00AAD /* TableViewBatchDeleteBottomBar.swift */ = {isa = PBXFileReference; fileEncoding = 4; lastKnownFileType = sourcecode.swift; name = TableViewBatchDeleteBottomBar.swift; path = "../../../Desktop/资料/yysmallvideoproject/YYVideo/YYVideo/ViewControllers/Mine/我的收藏/Views/TableViewBatchDeleteBottomBar.swift"; sourceTree = "<group>"; };
		699BC5872398B2CB00C00AAD /* YYNoDataView.swift */ = {isa = PBXFileReference; fileEncoding = 4; lastKnownFileType = sourcecode.swift; name = YYNoDataView.swift; path = "../../../Desktop/资料/yysmallvideoproject/YYVideo/YYVideo/ViewControllers/拍照/发布/关联商品/Views/YYNoDataView.swift"; sourceTree = "<group>"; };
/* End PBXFileReference section */

/* Begin PBXFrameworksBuildPhase section */
		6006B2B62243829A004C0464 /* Frameworks */ = {
			isa = PBXFrameworksBuildPhase;
			buildActionMask = 2147483647;
			files = (
			);
			runOnlyForDeploymentPostprocessing = 0;
		};
/* End PBXFrameworksBuildPhase section */

/* Begin PBXGroup section */
		6006B2B02243829A004C0464 = {
			isa = PBXGroup;
			children = (
				699BC5582398B03A00C00AAD /* Helper */,
				699BC5572398B01E00C00AAD /* Base */,
				699BC5422398AFA900C00AAD /* Extensions */,
				6006B2BB2243829A004C0464 /* WJExtesionDemo */,
				6006B2BA2243829A004C0464 /* Products */,
			);
			sourceTree = "<group>";
		};
		6006B2BA2243829A004C0464 /* Products */ = {
			isa = PBXGroup;
			children = (
				6006B2B92243829A004C0464 /* WJExtesionDemo.app */,
			);
			name = Products;
			sourceTree = "<group>";
		};
		6006B2BB2243829A004C0464 /* WJExtesionDemo */ = {
			isa = PBXGroup;
			children = (
				6006B2BC2243829A004C0464 /* AppDelegate.swift */,
				6006B2BE2243829A004C0464 /* ViewController.swift */,
				6006B2C02243829A004C0464 /* Main.storyboard */,
				6006B2C32243829B004C0464 /* Assets.xcassets */,
				6006B2C52243829B004C0464 /* LaunchScreen.storyboard */,
				6006B2C82243829B004C0464 /* Info.plist */,
			);
			path = WJExtesionDemo;
			sourceTree = "<group>";
		};
		699BC5422398AFA900C00AAD /* Extensions */ = {
			isa = PBXGroup;
			children = (
				699BC54D2398AFF800C00AAD /* UIColor+Extension.swift */,
				699BC54E2398AFF800C00AAD /* UIFont+Extension.swift */,
				699BC5512398AFF800C00AAD /* UIImage+Utilities.swift */,
				699BC5502398AFF800C00AAD /* UITabbar+Extension.swift */,
				699BC54F2398AFF800C00AAD /* UITablViewCell+Extension.swift */,
			);
			path = Extensions;
			sourceTree = "<group>";
		};
		699BC5572398B01E00C00AAD /* Base */ = {
			isa = PBXGroup;
			children = (
			);
			path = Base;
			sourceTree = "<group>";
		};
		699BC5582398B03A00C00AAD /* Helper */ = {
			isa = PBXGroup;
			children = (
				699BC55D2398B0AA00C00AAD /* YYPageView */,
				699BC5592398B07E00C00AAD /* YYActionSheetController.swift */,
				699BC57F2398B11700C00AAD /* YYWKWebViewController.swift */,
				699BC5692398B0D600C00AAD /* YYPagedRequester.swift */,
				699BC56A2398B0D600C00AAD /* YYRequester.swift */,
				699BC5852398B25500C00AAD /* TableViewBatchDeleteBottomBar.swift */,
				699BC5872398B2CB00C00AAD /* YYNoDataView.swift */,
				699BC55A2398B07E00C00AAD /* YYBaseViewController.swift */,
				699BC5742398B10400C00AAD /* YYBaseTableViewCell.swift */,
				699BC5752398B10400C00AAD /* YYCollectionView.swift */,
				699BC5732398B10400C00AAD /* YYCollectionViewCellTemplate.swift */,
				699BC56E2398B10400C00AAD /* YYCollectionViewTemplate.swift */,
				699BC56D2398B10400C00AAD /* YYFixedSizeButton.swift */,
				699BC5832398B23800C00AAD /* CollectionBatchDeleteView.swift */,
				699BC56F2398B10400C00AAD /* YYTableView.swift */,
				699BC5702398B10400C00AAD /* YYTableViewTemplate.swift */,
				699BC5722398B10400C00AAD /* YYTitleBar.swift */,
				699BC5812398B18300C00AAD /* YYSelectStackView.swift */,
				699BC5712398B10400C00AAD /* YYTitleBarButton.swift */,
			);
			path = Helper;
			sourceTree = "<group>";
		};
		699BC55D2398B0AA00C00AAD /* YYPageView */ = {
			isa = PBXGroup;
			children = (
				699BC55E2398B0AA00C00AAD /* YYPageView.swift */,
				699BC55F2398B0AA00C00AAD /* YYSegmentView */,
			);
			name = YYPageView;
			path = "../../../Desktop/资料/yysmallvideoproject/YYVideo/YYVideo/Helpers/Base/YYPageView";
			sourceTree = "<group>";
		};
		699BC55F2398B0AA00C00AAD /* YYSegmentView */ = {
			isa = PBXGroup;
			children = (
				699BC5602398B0AA00C00AAD /* YYSegmentButton.swift */,
				699BC5612398B0AA00C00AAD /* YYSegmentDefaultIndicator.swift */,
				699BC5622398B0AA00C00AAD /* YYSegmentView.swift */,
				699BC5632398B0AA00C00AAD /* YYSegmentCollectionView.swift */,
			);
			path = YYSegmentView;
			sourceTree = "<group>";
		};
/* End PBXGroup section */

/* Begin PBXNativeTarget section */
		6006B2B82243829A004C0464 /* WJExtesionDemo */ = {
			isa = PBXNativeTarget;
			buildConfigurationList = 6006B2CB2243829B004C0464 /* Build configuration list for PBXNativeTarget "WJExtesionDemo" */;
			buildPhases = (
				6006B2B52243829A004C0464 /* Sources */,
				6006B2B62243829A004C0464 /* Frameworks */,
				6006B2B72243829A004C0464 /* Resources */,
			);
			buildRules = (
			);
			dependencies = (
			);
			name = WJExtesionDemo;
			productName = WJExtesionDemo;
			productReference = 6006B2B92243829A004C0464 /* WJExtesionDemo.app */;
			productType = "com.apple.product-type.application";
		};
/* End PBXNativeTarget section */

/* Begin PBXProject section */
		6006B2B12243829A004C0464 /* Project object */ = {
			isa = PBXProject;
			attributes = {
				LastSwiftUpdateCheck = 1010;
				LastUpgradeCheck = 1010;
				ORGANIZATIONNAME = zhouweijie;
				TargetAttributes = {
					6006B2B82243829A004C0464 = {
						CreatedOnToolsVersion = 10.1;
					};
				};
			};
			buildConfigurationList = 6006B2B42243829A004C0464 /* Build configuration list for PBXProject "WJExtesionDemo" */;
			compatibilityVersion = "Xcode 9.3";
			developmentRegion = en;
			hasScannedForEncodings = 0;
			knownRegions = (
				en,
				Base,
			);
			mainGroup = 6006B2B02243829A004C0464;
			productRefGroup = 6006B2BA2243829A004C0464 /* Products */;
			projectDirPath = "";
			projectRoot = "";
			targets = (
				6006B2B82243829A004C0464 /* WJExtesionDemo */,
			);
		};
/* End PBXProject section */

/* Begin PBXResourcesBuildPhase section */
		6006B2B72243829A004C0464 /* Resources */ = {
			isa = PBXResourcesBuildPhase;
			buildActionMask = 2147483647;
			files = (
				6006B2C72243829B004C0464 /* LaunchScreen.storyboard in Resources */,
				6006B2C42243829B004C0464 /* Assets.xcassets in Resources */,
				6006B2C22243829A004C0464 /* Main.storyboard in Resources */,
			);
			runOnlyForDeploymentPostprocessing = 0;
		};
/* End PBXResourcesBuildPhase section */

/* Begin PBXSourcesBuildPhase section */
		6006B2B52243829A004C0464 /* Sources */ = {
			isa = PBXSourcesBuildPhase;
			buildActionMask = 2147483647;
			files = (
				699BC57B2398B10400C00AAD /* YYTitleBar.swift in Sources */,
				699BC57C2398B10400C00AAD /* YYCollectionViewCellTemplate.swift in Sources */,
				699BC5542398AFF800C00AAD /* UITablViewCell+Extension.swift in Sources */,
				699BC5782398B10400C00AAD /* YYTableView.swift in Sources */,
				699BC55C2398B07E00C00AAD /* YYBaseViewController.swift in Sources */,
				699BC5522398AFF800C00AAD /* UIColor+Extension.swift in Sources */,
				699BC5652398B0AA00C00AAD /* YYSegmentButton.swift in Sources */,
				6006B2BF2243829A004C0464 /* ViewController.swift in Sources */,
				699BC57E2398B10400C00AAD /* YYCollectionView.swift in Sources */,
				699BC5662398B0AA00C00AAD /* YYSegmentDefaultIndicator.swift in Sources */,
				699BC5842398B23800C00AAD /* CollectionBatchDeleteView.swift in Sources */,
				699BC5552398AFF800C00AAD /* UITabbar+Extension.swift in Sources */,
				699BC5532398AFF800C00AAD /* UIFont+Extension.swift in Sources */,
				699BC57A2398B10400C00AAD /* YYTitleBarButton.swift in Sources */,
				699BC5792398B10400C00AAD /* YYTableViewTemplate.swift in Sources */,
				699BC5822398B18300C00AAD /* YYSelectStackView.swift in Sources */,
				699BC5772398B10400C00AAD /* YYCollectionViewTemplate.swift in Sources */,
				699BC5882398B2CB00C00AAD /* YYNoDataView.swift in Sources */,
				699BC55B2398B07E00C00AAD /* YYActionSheetController.swift in Sources */,
				699BC5642398B0AA00C00AAD /* YYPageView.swift in Sources */,
				699BC5802398B11700C00AAD /* YYWKWebViewController.swift in Sources */,
				699BC5682398B0AA00C00AAD /* YYSegmentCollectionView.swift in Sources */,
				699BC5562398AFF800C00AAD /* UIImage+Utilities.swift in Sources */,
				699BC5762398B10400C00AAD /* YYFixedSizeButton.swift in Sources */,
				6006B2BD2243829A004C0464 /* AppDelegate.swift in Sources */,
				699BC57D2398B10400C00AAD /* YYBaseTableViewCell.swift in Sources */,
				699BC56B2398B0D600C00AAD /* YYPagedRequester.swift in Sources */,
				699BC5862398B25500C00AAD /* TableViewBatchDeleteBottomBar.swift in Sources */,
				699BC56C2398B0D600C00AAD /* YYRequester.swift in Sources */,
				699BC5672398B0AA00C00AAD /* YYSegmentView.swift in Sources */,
			);
			runOnlyForDeploymentPostprocessing = 0;
		};
/* End PBXSourcesBuildPhase section */

/* Begin PBXVariantGroup section */
		6006B2C02243829A004C0464 /* Main.storyboard */ = {
			isa = PBXVariantGroup;
			children = (
				6006B2C12243829A004C0464 /* Base */,
			);
			name = Main.storyboard;
			sourceTree = "<group>";
		};
		6006B2C52243829B004C0464 /* LaunchScreen.storyboard */ = {
			isa = PBXVariantGroup;
			children = (
				6006B2C62243829B004C0464 /* Base */,
			);
			name = LaunchScreen.storyboard;
			sourceTree = "<group>";
		};
/* End PBXVariantGroup section */

/* Begin XCBuildConfiguration section */
		6006B2C92243829B004C0464 /* Debug */ = {
			isa = XCBuildConfiguration;
			buildSettings = {
				ALWAYS_SEARCH_USER_PATHS = NO;
				CLANG_ANALYZER_NONNULL = YES;
				CLANG_ANALYZER_NUMBER_OBJECT_CONVERSION = YES_AGGRESSIVE;
				CLANG_CXX_LANGUAGE_STANDARD = "gnu++14";
				CLANG_CXX_LIBRARY = "libc++";
				CLANG_ENABLE_MODULES = YES;
				CLANG_ENABLE_OBJC_ARC = YES;
				CLANG_ENABLE_OBJC_WEAK = YES;
				CLANG_WARN_BLOCK_CAPTURE_AUTORELEASING = YES;
				CLANG_WARN_BOOL_CONVERSION = YES;
				CLANG_WARN_COMMA = YES;
				CLANG_WARN_CONSTANT_CONVERSION = YES;
				CLANG_WARN_DEPRECATED_OBJC_IMPLEMENTATIONS = YES;
				CLANG_WARN_DIRECT_OBJC_ISA_USAGE = YES_ERROR;
				CLANG_WARN_DOCUMENTATION_COMMENTS = YES;
				CLANG_WARN_EMPTY_BODY = YES;
				CLANG_WARN_ENUM_CONVERSION = YES;
				CLANG_WARN_INFINITE_RECURSION = YES;
				CLANG_WARN_INT_CONVERSION = YES;
				CLANG_WARN_NON_LITERAL_NULL_CONVERSION = YES;
				CLANG_WARN_OBJC_IMPLICIT_RETAIN_SELF = YES;
				CLANG_WARN_OBJC_LITERAL_CONVERSION = YES;
				CLANG_WARN_OBJC_ROOT_CLASS = YES_ERROR;
				CLANG_WARN_RANGE_LOOP_ANALYSIS = YES;
				CLANG_WARN_STRICT_PROTOTYPES = YES;
				CLANG_WARN_SUSPICIOUS_MOVE = YES;
				CLANG_WARN_UNGUARDED_AVAILABILITY = YES_AGGRESSIVE;
				CLANG_WARN_UNREACHABLE_CODE = YES;
				CLANG_WARN__DUPLICATE_METHOD_MATCH = YES;
				CODE_SIGN_IDENTITY = "iPhone Developer";
				COPY_PHASE_STRIP = NO;
				DEBUG_INFORMATION_FORMAT = dwarf;
				ENABLE_STRICT_OBJC_MSGSEND = YES;
				ENABLE_TESTABILITY = YES;
				GCC_C_LANGUAGE_STANDARD = gnu11;
				GCC_DYNAMIC_NO_PIC = NO;
				GCC_NO_COMMON_BLOCKS = YES;
				GCC_OPTIMIZATION_LEVEL = 0;
				GCC_PREPROCESSOR_DEFINITIONS = (
					"DEBUG=1",
					"$(inherited)",
				);
				GCC_WARN_64_TO_32_BIT_CONVERSION = YES;
				GCC_WARN_ABOUT_RETURN_TYPE = YES_ERROR;
				GCC_WARN_UNDECLARED_SELECTOR = YES;
				GCC_WARN_UNINITIALIZED_AUTOS = YES_AGGRESSIVE;
				GCC_WARN_UNUSED_FUNCTION = YES;
				GCC_WARN_UNUSED_VARIABLE = YES;
				IPHONEOS_DEPLOYMENT_TARGET = 12.1;
				MTL_ENABLE_DEBUG_INFO = INCLUDE_SOURCE;
				MTL_FAST_MATH = YES;
				ONLY_ACTIVE_ARCH = YES;
				SDKROOT = iphoneos;
				SWIFT_ACTIVE_COMPILATION_CONDITIONS = DEBUG;
				SWIFT_OPTIMIZATION_LEVEL = "-Onone";
			};
			name = Debug;
		};
		6006B2CA2243829B004C0464 /* Release */ = {
			isa = XCBuildConfiguration;
			buildSettings = {
				ALWAYS_SEARCH_USER_PATHS = NO;
				CLANG_ANALYZER_NONNULL = YES;
				CLANG_ANALYZER_NUMBER_OBJECT_CONVERSION = YES_AGGRESSIVE;
				CLANG_CXX_LANGUAGE_STANDARD = "gnu++14";
				CLANG_CXX_LIBRARY = "libc++";
				CLANG_ENABLE_MODULES = YES;
				CLANG_ENABLE_OBJC_ARC = YES;
				CLANG_ENABLE_OBJC_WEAK = YES;
				CLANG_WARN_BLOCK_CAPTURE_AUTORELEASING = YES;
				CLANG_WARN_BOOL_CONVERSION = YES;
				CLANG_WARN_COMMA = YES;
				CLANG_WARN_CONSTANT_CONVERSION = YES;
				CLANG_WARN_DEPRECATED_OBJC_IMPLEMENTATIONS = YES;
				CLANG_WARN_DIRECT_OBJC_ISA_USAGE = YES_ERROR;
				CLANG_WARN_DOCUMENTATION_COMMENTS = YES;
				CLANG_WARN_EMPTY_BODY = YES;
				CLANG_WARN_ENUM_CONVERSION = YES;
				CLANG_WARN_INFINITE_RECURSION = YES;
				CLANG_WARN_INT_CONVERSION = YES;
				CLANG_WARN_NON_LITERAL_NULL_CONVERSION = YES;
				CLANG_WARN_OBJC_IMPLICIT_RETAIN_SELF = YES;
				CLANG_WARN_OBJC_LITERAL_CONVERSION = YES;
				CLANG_WARN_OBJC_ROOT_CLASS = YES_ERROR;
				CLANG_WARN_RANGE_LOOP_ANALYSIS = YES;
				CLANG_WARN_STRICT_PROTOTYPES = YES;
				CLANG_WARN_SUSPICIOUS_MOVE = YES;
				CLANG_WARN_UNGUARDED_AVAILABILITY = YES_AGGRESSIVE;
				CLANG_WARN_UNREACHABLE_CODE = YES;
				CLANG_WARN__DUPLICATE_METHOD_MATCH = YES;
				CODE_SIGN_IDENTITY = "iPhone Developer";
				COPY_PHASE_STRIP = NO;
				DEBUG_INFORMATION_FORMAT = "dwarf-with-dsym";
				ENABLE_NS_ASSERTIONS = NO;
				ENABLE_STRICT_OBJC_MSGSEND = YES;
				GCC_C_LANGUAGE_STANDARD = gnu11;
				GCC_NO_COMMON_BLOCKS = YES;
				GCC_WARN_64_TO_32_BIT_CONVERSION = YES;
				GCC_WARN_ABOUT_RETURN_TYPE = YES_ERROR;
				GCC_WARN_UNDECLARED_SELECTOR = YES;
				GCC_WARN_UNINITIALIZED_AUTOS = YES_AGGRESSIVE;
				GCC_WARN_UNUSED_FUNCTION = YES;
				GCC_WARN_UNUSED_VARIABLE = YES;
				IPHONEOS_DEPLOYMENT_TARGET = 12.1;
				MTL_ENABLE_DEBUG_INFO = NO;
				MTL_FAST_MATH = YES;
				SDKROOT = iphoneos;
				SWIFT_COMPILATION_MODE = wholemodule;
				SWIFT_OPTIMIZATION_LEVEL = "-O";
				VALIDATE_PRODUCT = YES;
			};
			name = Release;
		};
		6006B2CC2243829B004C0464 /* Debug */ = {
			isa = XCBuildConfiguration;
			buildSettings = {
				ASSETCATALOG_COMPILER_APPICON_NAME = AppIcon;
				CODE_SIGN_STYLE = Automatic;
				DEVELOPMENT_TEAM = KVX8FV3VE3;
				INFOPLIST_FILE = WJExtesionDemo/Info.plist;
				IPHONEOS_DEPLOYMENT_TARGET = 9.0;
				LD_RUNPATH_SEARCH_PATHS = (
					"$(inherited)",
					"@executable_path/Frameworks",
				);
				PRODUCT_BUNDLE_IDENTIFIER = WJ.WJExtesionDemo;
				PRODUCT_NAME = "$(TARGET_NAME)";
				SWIFT_VERSION = 4.2;
				TARGETED_DEVICE_FAMILY = "1,2";
			};
			name = Debug;
		};
		6006B2CD2243829B004C0464 /* Release */ = {
			isa = XCBuildConfiguration;
			buildSettings = {
				ASSETCATALOG_COMPILER_APPICON_NAME = AppIcon;
				CODE_SIGN_STYLE = Automatic;
				DEVELOPMENT_TEAM = KVX8FV3VE3;
				INFOPLIST_FILE = WJExtesionDemo/Info.plist;
				IPHONEOS_DEPLOYMENT_TARGET = 9.0;
				LD_RUNPATH_SEARCH_PATHS = (
					"$(inherited)",
					"@executable_path/Frameworks",
				);
				PRODUCT_BUNDLE_IDENTIFIER = WJ.WJExtesionDemo;
				PRODUCT_NAME = "$(TARGET_NAME)";
				SWIFT_VERSION = 4.2;
				TARGETED_DEVICE_FAMILY = "1,2";
			};
			name = Release;
		};
/* End XCBuildConfiguration section */

/* Begin XCConfigurationList section */
		6006B2B42243829A004C0464 /* Build configuration list for PBXProject "WJExtesionDemo" */ = {
			isa = XCConfigurationList;
			buildConfigurations = (
				6006B2C92243829B004C0464 /* Debug */,
				6006B2CA2243829B004C0464 /* Release */,
			);
			defaultConfigurationIsVisible = 0;
			defaultConfigurationName = Release;
		};
		6006B2CB2243829B004C0464 /* Build configuration list for PBXNativeTarget "WJExtesionDemo" */ = {
			isa = XCConfigurationList;
			buildConfigurations = (
				6006B2CC2243829B004C0464 /* Debug */,
				6006B2CD2243829B004C0464 /* Release */,
			);
			defaultConfigurationIsVisible = 0;
			defaultConfigurationName = Release;
		};
/* End XCConfigurationList section */
	};
	rootObject = 6006B2B12243829A004C0464 /* Project object */;
}
